{
    "version": 3,
    "terraform_version": "0.11.7",
    "serial": 98,
    "lineage": "3946d939-0aa7-0aff-437b-d2b3ee69781c",
    "modules": [
        {
            "path": [
                "root"
            ],
            "outputs": {},
            "resources": {
                "aws_internet_gateway.gw": {
                    "type": "aws_internet_gateway",
                    "depends_on": [
                        "aws_vpc.main"
                    ],
                    "primary": {
                        "id": "igw-02c148e1200415850",
                        "attributes": {
                            "id": "igw-02c148e1200415850",
                            "tags.%": "1",
                            "tags.Name": "aws_internet_gateway",
                            "vpc_id": "vpc-0fbd6f80c99af0f5f"
                        },
                        "meta": {},
                        "tainted": false
                    },
                    "deposed": [],
                    "provider": "provider.aws"
                },
                "aws_route_table.r_private": {
                    "type": "aws_route_table",
                    "depends_on": [
                        "aws_vpc.main"
                    ],
                    "primary": {
                        "id": "rtb-0dba2fb790917035f",
                        "attributes": {
                            "id": "rtb-0dba2fb790917035f",
                            "propagating_vgws.#": "0",
                            "route.#": "0",
                            "tags.%": "1",
                            "tags.Name": "private_route",
                            "vpc_id": "vpc-0fbd6f80c99af0f5f"
                        },
                        "meta": {},
                        "tainted": false
                    },
                    "deposed": [],
                    "provider": "provider.aws"
                },
                "aws_route_table.r_public": {
                    "type": "aws_route_table",
                    "depends_on": [
                        "aws_internet_gateway.gw",
                        "aws_vpc.main"
                    ],
                    "primary": {
                        "id": "rtb-01d060eca758c016e",
                        "attributes": {
                            "id": "rtb-01d060eca758c016e",
                            "propagating_vgws.#": "0",
                            "route.#": "1",
                            "route.1715327741.cidr_block": "0.0.0.0/0",
                            "route.1715327741.egress_only_gateway_id": "",
                            "route.1715327741.gateway_id": "igw-02c148e1200415850",
                            "route.1715327741.instance_id": "",
                            "route.1715327741.ipv6_cidr_block": "",
                            "route.1715327741.nat_gateway_id": "",
                            "route.1715327741.network_interface_id": "",
                            "route.1715327741.vpc_peering_connection_id": "",
                            "tags.%": "1",
                            "tags.Name": "public_route",
                            "vpc_id": "vpc-0fbd6f80c99af0f5f"
                        },
                        "meta": {},
                        "tainted": false
                    },
                    "deposed": [],
                    "provider": "provider.aws"
                },
                "aws_route_table_association.main-private-1-a": {
                    "type": "aws_route_table_association",
                    "depends_on": [
                        "aws_route_table.r_private",
                        "aws_subnet.private"
                    ],
                    "primary": {
                        "id": "rtbassoc-07db9c64c97b637ab",
                        "attributes": {
                            "id": "rtbassoc-07db9c64c97b637ab",
                            "route_table_id": "rtb-0dba2fb790917035f",
                            "subnet_id": "subnet-01a0bd03894757817"
                        },
                        "meta": {},
                        "tainted": false
                    },
                    "deposed": [],
                    "provider": "provider.aws"
                },
                "aws_route_table_association.main-public-1-a": {
                    "type": "aws_route_table_association",
                    "depends_on": [
                        "aws_route_table.r_public",
                        "aws_subnet.public"
                    ],
                    "primary": {
                        "id": "rtbassoc-026e8301411d1f98b",
                        "attributes": {
                            "id": "rtbassoc-026e8301411d1f98b",
                            "route_table_id": "rtb-01d060eca758c016e",
                            "subnet_id": "subnet-04401dc62c1ab6f18"
                        },
                        "meta": {},
                        "tainted": false
                    },
                    "deposed": [],
                    "provider": "provider.aws"
                },
                "aws_security_group.bastion_connexion": {
                    "type": "aws_security_group",
                    "depends_on": [
                        "aws_vpc.main"
                    ],
                    "primary": {
                        "id": "sg-0c7044ac5a50fcec9",
                        "attributes": {
                            "arn": "arn:aws:ec2:us-east-1:778115407096:security-group/sg-0c7044ac5a50fcec9",
                            "description": "bastion_connexion",
                            "egress.#": "1",
                            "egress.1403647648.cidr_blocks.#": "1",
                            "egress.1403647648.cidr_blocks.0": "0.0.0.0/0",
                            "egress.1403647648.description": "",
                            "egress.1403647648.from_port": "0",
                            "egress.1403647648.ipv6_cidr_blocks.#": "0",
                            "egress.1403647648.prefix_list_ids.#": "0",
                            "egress.1403647648.protocol": "tcp",
                            "egress.1403647648.security_groups.#": "0",
                            "egress.1403647648.self": "false",
                            "egress.1403647648.to_port": "65535",
                            "id": "sg-0c7044ac5a50fcec9",
                            "ingress.#": "2",
                            "ingress.2214680975.cidr_blocks.#": "1",
                            "ingress.2214680975.cidr_blocks.0": "0.0.0.0/0",
                            "ingress.2214680975.description": "",
                            "ingress.2214680975.from_port": "80",
                            "ingress.2214680975.ipv6_cidr_blocks.#": "0",
                            "ingress.2214680975.protocol": "tcp",
                            "ingress.2214680975.security_groups.#": "0",
                            "ingress.2214680975.self": "false",
                            "ingress.2214680975.to_port": "80",
                            "ingress.2541437006.cidr_blocks.#": "1",
                            "ingress.2541437006.cidr_blocks.0": "0.0.0.0/0",
                            "ingress.2541437006.description": "",
                            "ingress.2541437006.from_port": "22",
                            "ingress.2541437006.ipv6_cidr_blocks.#": "0",
                            "ingress.2541437006.protocol": "tcp",
                            "ingress.2541437006.security_groups.#": "0",
                            "ingress.2541437006.self": "false",
                            "ingress.2541437006.to_port": "22",
                            "name": "bastion_connexion",
                            "owner_id": "778115407096",
                            "revoke_rules_on_delete": "false",
                            "tags.%": "1",
                            "tags.Name": "bastion_connexion",
                            "vpc_id": "vpc-0fbd6f80c99af0f5f"
                        },
                        "meta": {
                            "e2bfb730-ecaa-11e6-8f88-34363bc7c4c0": {
                                "create": 600000000000,
                                "delete": 600000000000
                            },
                            "schema_version": "1"
                        },
                        "tainted": false
                    },
                    "deposed": [],
                    "provider": "provider.aws"
                },
                "aws_security_group.private_connexion": {
                    "type": "aws_security_group",
                    "depends_on": [
                        "aws_security_group.bastion_connexion",
                        "aws_vpc.main"
                    ],
                    "primary": {
                        "id": "sg-0740fe8534d5c3d42",
                        "attributes": {
                            "arn": "arn:aws:ec2:us-east-1:778115407096:security-group/sg-0740fe8534d5c3d42",
                            "description": "private_connexion with bastion only",
                            "egress.#": "1",
                            "egress.1403647648.cidr_blocks.#": "1",
                            "egress.1403647648.cidr_blocks.0": "0.0.0.0/0",
                            "egress.1403647648.description": "",
                            "egress.1403647648.from_port": "0",
                            "egress.1403647648.ipv6_cidr_blocks.#": "0",
                            "egress.1403647648.prefix_list_ids.#": "0",
                            "egress.1403647648.protocol": "tcp",
                            "egress.1403647648.security_groups.#": "0",
                            "egress.1403647648.self": "false",
                            "egress.1403647648.to_port": "65535",
                            "id": "sg-0740fe8534d5c3d42",
                            "ingress.#": "1",
                            "ingress.3989869966.cidr_blocks.#": "0",
                            "ingress.3989869966.description": "",
                            "ingress.3989869966.from_port": "22",
                            "ingress.3989869966.ipv6_cidr_blocks.#": "0",
                            "ingress.3989869966.protocol": "tcp",
                            "ingress.3989869966.security_groups.#": "1",
                            "ingress.3989869966.security_groups.2824938576": "sg-0c7044ac5a50fcec9",
                            "ingress.3989869966.self": "false",
                            "ingress.3989869966.to_port": "22",
                            "name": "private_connexion",
                            "owner_id": "778115407096",
                            "revoke_rules_on_delete": "false",
                            "tags.%": "1",
                            "tags.Name": "private_connexion",
                            "vpc_id": "vpc-0fbd6f80c99af0f5f"
                        },
                        "meta": {
                            "e2bfb730-ecaa-11e6-8f88-34363bc7c4c0": {
                                "create": 600000000000,
                                "delete": 600000000000
                            },
                            "schema_version": "1"
                        },
                        "tainted": false
                    },
                    "deposed": [],
                    "provider": "provider.aws"
                },
                "aws_subnet.private": {
                    "type": "aws_subnet",
                    "depends_on": [
                        "aws_vpc.main"
                    ],
                    "primary": {
                        "id": "subnet-01a0bd03894757817",
                        "attributes": {
                            "assign_ipv6_address_on_creation": "false",
                            "availability_zone": "us-east-1d",
                            "cidr_block": "10.0.2.0/24",
                            "id": "subnet-01a0bd03894757817",
                            "map_public_ip_on_launch": "false",
                            "tags.%": "1",
                            "tags.Name": "private_subnet",
                            "vpc_id": "vpc-0fbd6f80c99af0f5f"
                        },
                        "meta": {
                            "schema_version": "1"
                        },
                        "tainted": false
                    },
                    "deposed": [],
                    "provider": "provider.aws"
                },
                "aws_subnet.public": {
                    "type": "aws_subnet",
                    "depends_on": [
                        "aws_vpc.main"
                    ],
                    "primary": {
                        "id": "subnet-04401dc62c1ab6f18",
                        "attributes": {
                            "assign_ipv6_address_on_creation": "false",
                            "availability_zone": "us-east-1b",
                            "cidr_block": "10.0.1.0/24",
                            "id": "subnet-04401dc62c1ab6f18",
                            "map_public_ip_on_launch": "false",
                            "tags.%": "1",
                            "tags.Name": "public_subnet",
                            "vpc_id": "vpc-0fbd6f80c99af0f5f"
                        },
                        "meta": {
                            "schema_version": "1"
                        },
                        "tainted": false
                    },
                    "deposed": [],
                    "provider": "provider.aws"
                },
                "aws_vpc.main": {
                    "type": "aws_vpc",
                    "depends_on": [],
                    "primary": {
                        "id": "vpc-0fbd6f80c99af0f5f",
                        "attributes": {
                            "arn": "arn:aws:ec2:us-east-1:778115407096:vpc/vpc-0fbd6f80c99af0f5f",
                            "assign_generated_ipv6_cidr_block": "false",
                            "cidr_block": "10.0.0.0/16",
                            "default_network_acl_id": "acl-085fa162fb5596cdc",
                            "default_route_table_id": "rtb-0e4ed75e3a12f7d98",
                            "default_security_group_id": "sg-00e81e5de2564de4e",
                            "dhcp_options_id": "dopt-4c037637",
                            "enable_classiclink": "false",
                            "enable_classiclink_dns_support": "false",
                            "enable_dns_hostnames": "true",
                            "enable_dns_support": "true",
                            "id": "vpc-0fbd6f80c99af0f5f",
                            "instance_tenancy": "default",
                            "main_route_table_id": "rtb-0e4ed75e3a12f7d98",
                            "tags.%": "1",
                            "tags.Name": "main"
                        },
                        "meta": {
                            "schema_version": "1"
                        },
                        "tainted": false
                    },
                    "deposed": [],
                    "provider": "provider.aws"
                },
                "data.template_file.userdata1": {
                    "type": "template_file",
                    "depends_on": [],
                    "primary": {
                        "id": "02f228c07f56039c1f95fb686600403895caeb21ae8e5831a8fe971e7c032744",
                        "attributes": {
                            "id": "02f228c07f56039c1f95fb686600403895caeb21ae8e5831a8fe971e7c032744",
                            "rendered": "#!/bin/bash\n\nyum update -y\nyum install httpd -y\ncd /var/www/html\necho \"\u003chtml\u003e\u003ch1\u003eHello les minions  \u003c/h1\u003e\u003c/html\u003e\" \u003e\u003e index.html\nservice httpd start\n",
                            "template": "#!/bin/bash\n\nyum update -y\nyum install httpd -y\ncd /var/www/html\necho \"\u003chtml\u003e\u003ch1\u003eHello les minions  \u003c/h1\u003e\u003c/html\u003e\" \u003e\u003e index.html\nservice httpd start\n"
                        },
                        "meta": {},
                        "tainted": false
                    },
                    "deposed": [],
                    "provider": "provider.template"
                }
            },
            "depends_on": []
        }
    ]
}
