{
    "version": 3,
    "terraform_version": "0.11.7",
    "serial": 100,
    "lineage": "3946d939-0aa7-0aff-437b-d2b3ee69781c",
    "modules": [
        {
            "path": [
                "root"
            ],
            "outputs": {},
            "resources": {
                "aws_internet_gateway.gw": {
                    "type": "aws_internet_gateway",
                    "depends_on": [
                        "aws_vpc.main"
                    ],
                    "primary": {
                        "id": "igw-0d52e91077050a1ee",
                        "attributes": {
                            "id": "igw-0d52e91077050a1ee",
                            "tags.%": "1",
                            "tags.Name": "aws_internet_gateway",
                            "vpc_id": "vpc-02d2c865fa8a03b56"
                        },
                        "meta": {},
                        "tainted": false
                    },
                    "deposed": [],
                    "provider": "provider.aws"
                },
                "aws_route_table.r_private": {
                    "type": "aws_route_table",
                    "depends_on": [
                        "aws_vpc.main"
                    ],
                    "primary": {
                        "id": "rtb-027f863299fe4e55c",
                        "attributes": {
                            "id": "rtb-027f863299fe4e55c",
                            "propagating_vgws.#": "0",
                            "route.#": "0",
                            "tags.%": "1",
                            "tags.Name": "private_route",
                            "vpc_id": "vpc-02d2c865fa8a03b56"
                        },
                        "meta": {},
                        "tainted": false
                    },
                    "deposed": [],
                    "provider": "provider.aws"
                },
                "aws_route_table.r_public": {
                    "type": "aws_route_table",
                    "depends_on": [
                        "aws_internet_gateway.gw",
                        "aws_vpc.main"
                    ],
                    "primary": {
                        "id": "rtb-08304ba3f8ccfefd3",
                        "attributes": {
                            "id": "rtb-08304ba3f8ccfefd3",
                            "propagating_vgws.#": "0",
                            "route.#": "1",
                            "route.1419739133.cidr_block": "0.0.0.0/0",
                            "route.1419739133.egress_only_gateway_id": "",
                            "route.1419739133.gateway_id": "igw-0d52e91077050a1ee",
                            "route.1419739133.instance_id": "",
                            "route.1419739133.ipv6_cidr_block": "",
                            "route.1419739133.nat_gateway_id": "",
                            "route.1419739133.network_interface_id": "",
                            "route.1419739133.vpc_peering_connection_id": "",
                            "tags.%": "1",
                            "tags.Name": "public_route",
                            "vpc_id": "vpc-02d2c865fa8a03b56"
                        },
                        "meta": {},
                        "tainted": false
                    },
                    "deposed": [],
                    "provider": "provider.aws"
                },
                "aws_route_table_association.main-private-1-a": {
                    "type": "aws_route_table_association",
                    "depends_on": [
                        "aws_route_table.r_private",
                        "aws_subnet.private"
                    ],
                    "primary": {
                        "id": "rtbassoc-08884424717db8428",
                        "attributes": {
                            "id": "rtbassoc-08884424717db8428",
                            "route_table_id": "rtb-027f863299fe4e55c",
                            "subnet_id": "subnet-066864655509f0eb4"
                        },
                        "meta": {},
                        "tainted": false
                    },
                    "deposed": [],
                    "provider": "provider.aws"
                },
                "aws_route_table_association.main-public-1-a": {
                    "type": "aws_route_table_association",
                    "depends_on": [
                        "aws_route_table.r_public",
                        "aws_subnet.public"
                    ],
                    "primary": {
                        "id": "rtbassoc-054f7c82f56427d11",
                        "attributes": {
                            "id": "rtbassoc-054f7c82f56427d11",
                            "route_table_id": "rtb-08304ba3f8ccfefd3",
                            "subnet_id": "subnet-0a5a2063e01d672e4"
                        },
                        "meta": {},
                        "tainted": false
                    },
                    "deposed": [],
                    "provider": "provider.aws"
                },
                "aws_security_group.bastion_connexion": {
                    "type": "aws_security_group",
                    "depends_on": [
                        "aws_vpc.main"
                    ],
                    "primary": {
                        "id": "sg-0ec840ec882b770b8",
                        "attributes": {
                            "arn": "arn:aws:ec2:eu-west-1:778115407096:security-group/sg-0ec840ec882b770b8",
                            "description": "bastion_connexion",
                            "egress.#": "1",
                            "egress.1403647648.cidr_blocks.#": "1",
                            "egress.1403647648.cidr_blocks.0": "0.0.0.0/0",
                            "egress.1403647648.description": "",
                            "egress.1403647648.from_port": "0",
                            "egress.1403647648.ipv6_cidr_blocks.#": "0",
                            "egress.1403647648.prefix_list_ids.#": "0",
                            "egress.1403647648.protocol": "tcp",
                            "egress.1403647648.security_groups.#": "0",
                            "egress.1403647648.self": "false",
                            "egress.1403647648.to_port": "65535",
                            "id": "sg-0ec840ec882b770b8",
                            "ingress.#": "2",
                            "ingress.2214680975.cidr_blocks.#": "1",
                            "ingress.2214680975.cidr_blocks.0": "0.0.0.0/0",
                            "ingress.2214680975.description": "",
                            "ingress.2214680975.from_port": "80",
                            "ingress.2214680975.ipv6_cidr_blocks.#": "0",
                            "ingress.2214680975.protocol": "tcp",
                            "ingress.2214680975.security_groups.#": "0",
                            "ingress.2214680975.self": "false",
                            "ingress.2214680975.to_port": "80",
                            "ingress.2541437006.cidr_blocks.#": "1",
                            "ingress.2541437006.cidr_blocks.0": "0.0.0.0/0",
                            "ingress.2541437006.description": "",
                            "ingress.2541437006.from_port": "22",
                            "ingress.2541437006.ipv6_cidr_blocks.#": "0",
                            "ingress.2541437006.protocol": "tcp",
                            "ingress.2541437006.security_groups.#": "0",
                            "ingress.2541437006.self": "false",
                            "ingress.2541437006.to_port": "22",
                            "name": "bastion_connexion",
                            "owner_id": "778115407096",
                            "revoke_rules_on_delete": "false",
                            "tags.%": "1",
                            "tags.Name": "bastion_connexion",
                            "vpc_id": "vpc-02d2c865fa8a03b56"
                        },
                        "meta": {
                            "e2bfb730-ecaa-11e6-8f88-34363bc7c4c0": {
                                "create": 600000000000,
                                "delete": 600000000000
                            },
                            "schema_version": "1"
                        },
                        "tainted": false
                    },
                    "deposed": [],
                    "provider": "provider.aws"
                },
                "aws_security_group.private_connexion": {
                    "type": "aws_security_group",
                    "depends_on": [
                        "aws_security_group.bastion_connexion",
                        "aws_vpc.main"
                    ],
                    "primary": {
                        "id": "sg-052166104e1cb609b",
                        "attributes": {
                            "arn": "arn:aws:ec2:eu-west-1:778115407096:security-group/sg-052166104e1cb609b",
                            "description": "private_connexion with bastion only",
                            "egress.#": "1",
                            "egress.1403647648.cidr_blocks.#": "1",
                            "egress.1403647648.cidr_blocks.0": "0.0.0.0/0",
                            "egress.1403647648.description": "",
                            "egress.1403647648.from_port": "0",
                            "egress.1403647648.ipv6_cidr_blocks.#": "0",
                            "egress.1403647648.prefix_list_ids.#": "0",
                            "egress.1403647648.protocol": "tcp",
                            "egress.1403647648.security_groups.#": "0",
                            "egress.1403647648.self": "false",
                            "egress.1403647648.to_port": "65535",
                            "id": "sg-052166104e1cb609b",
                            "ingress.#": "1",
                            "ingress.561094830.cidr_blocks.#": "0",
                            "ingress.561094830.description": "",
                            "ingress.561094830.from_port": "22",
                            "ingress.561094830.ipv6_cidr_blocks.#": "0",
                            "ingress.561094830.protocol": "tcp",
                            "ingress.561094830.security_groups.#": "1",
                            "ingress.561094830.security_groups.86217188": "sg-0ec840ec882b770b8",
                            "ingress.561094830.self": "false",
                            "ingress.561094830.to_port": "22",
                            "name": "private_connexion",
                            "owner_id": "778115407096",
                            "revoke_rules_on_delete": "false",
                            "tags.%": "1",
                            "tags.Name": "private_connexion",
                            "vpc_id": "vpc-02d2c865fa8a03b56"
                        },
                        "meta": {
                            "e2bfb730-ecaa-11e6-8f88-34363bc7c4c0": {
                                "create": 600000000000,
                                "delete": 600000000000
                            },
                            "schema_version": "1"
                        },
                        "tainted": false
                    },
                    "deposed": [],
                    "provider": "provider.aws"
                },
                "aws_subnet.private": {
                    "type": "aws_subnet",
                    "depends_on": [
                        "aws_vpc.main"
                    ],
                    "primary": {
                        "id": "subnet-066864655509f0eb4",
                        "attributes": {
                            "assign_ipv6_address_on_creation": "false",
                            "availability_zone": "eu-west-1c",
                            "cidr_block": "10.0.2.0/24",
                            "id": "subnet-066864655509f0eb4",
                            "map_public_ip_on_launch": "false",
                            "tags.%": "1",
                            "tags.Name": "private_subnet",
                            "vpc_id": "vpc-02d2c865fa8a03b56"
                        },
                        "meta": {
                            "schema_version": "1"
                        },
                        "tainted": false
                    },
                    "deposed": [],
                    "provider": "provider.aws"
                },
                "aws_subnet.public": {
                    "type": "aws_subnet",
                    "depends_on": [
                        "aws_vpc.main"
                    ],
                    "primary": {
                        "id": "subnet-0a5a2063e01d672e4",
                        "attributes": {
                            "assign_ipv6_address_on_creation": "false",
                            "availability_zone": "eu-west-1b",
                            "cidr_block": "10.0.1.0/24",
                            "id": "subnet-0a5a2063e01d672e4",
                            "map_public_ip_on_launch": "false",
                            "tags.%": "1",
                            "tags.Name": "public_subnet",
                            "vpc_id": "vpc-02d2c865fa8a03b56"
                        },
                        "meta": {
                            "schema_version": "1"
                        },
                        "tainted": false
                    },
                    "deposed": [],
                    "provider": "provider.aws"
                },
                "aws_vpc.main": {
                    "type": "aws_vpc",
                    "depends_on": [],
                    "primary": {
                        "id": "vpc-02d2c865fa8a03b56",
                        "attributes": {
                            "arn": "arn:aws:ec2:eu-west-1:778115407096:vpc/vpc-02d2c865fa8a03b56",
                            "assign_generated_ipv6_cidr_block": "false",
                            "cidr_block": "10.0.0.0/16",
                            "default_network_acl_id": "acl-08dc512a711dbd27b",
                            "default_route_table_id": "rtb-098057afdbc60485f",
                            "default_security_group_id": "sg-0fd594922450317e1",
                            "dhcp_options_id": "dopt-dd2db8bb",
                            "enable_classiclink": "false",
                            "enable_classiclink_dns_support": "false",
                            "enable_dns_hostnames": "true",
                            "enable_dns_support": "true",
                            "id": "vpc-02d2c865fa8a03b56",
                            "instance_tenancy": "default",
                            "main_route_table_id": "rtb-098057afdbc60485f",
                            "tags.%": "1",
                            "tags.Name": "main"
                        },
                        "meta": {
                            "schema_version": "1"
                        },
                        "tainted": false
                    },
                    "deposed": [],
                    "provider": "provider.aws"
                },
                "data.template_file.userdata1": {
                    "type": "template_file",
                    "depends_on": [],
                    "primary": {
                        "id": "02f228c07f56039c1f95fb686600403895caeb21ae8e5831a8fe971e7c032744",
                        "attributes": {
                            "id": "02f228c07f56039c1f95fb686600403895caeb21ae8e5831a8fe971e7c032744",
                            "rendered": "#!/bin/bash\n\nyum update -y\nyum install httpd -y\ncd /var/www/html\necho \"\u003chtml\u003e\u003ch1\u003eHello les minions  \u003c/h1\u003e\u003c/html\u003e\" \u003e\u003e index.html\nservice httpd start\n",
                            "template": "#!/bin/bash\n\nyum update -y\nyum install httpd -y\ncd /var/www/html\necho \"\u003chtml\u003e\u003ch1\u003eHello les minions  \u003c/h1\u003e\u003c/html\u003e\" \u003e\u003e index.html\nservice httpd start\n"
                        },
                        "meta": {},
                        "tainted": false
                    },
                    "deposed": [],
                    "provider": "provider.template"
                }
            },
            "depends_on": []
        }
    ]
}
