{
    "version": 3,
    "terraform_version": "0.11.7",
    "serial": 96,
    "lineage": "3946d939-0aa7-0aff-437b-d2b3ee69781c",
    "modules": [
        {
            "path": [
                "root"
            ],
            "outputs": {
                "ip": {
                    "sensitive": false,
                    "type": "string",
                    "value": "34.230.29.153"
                }
            },
            "resources": {
                "aws_instance.private": {
                    "type": "aws_instance",
                    "depends_on": [
                        "aws_security_group.private_connexion",
                        "aws_subnet.private"
                    ],
                    "primary": {
                        "id": "i-04ea5bf03a8a79a9a",
                        "attributes": {
                            "ami": "ami-04681a1dbd79675a5",
                            "arn": "arn:aws:ec2:us-east-1:778115407096:instance/i-04ea5bf03a8a79a9a",
                            "associate_public_ip_address": "false",
                            "availability_zone": "us-east-1a",
                            "cpu_core_count": "1",
                            "cpu_threads_per_core": "1",
                            "credit_specification.#": "1",
                            "credit_specification.0.cpu_credits": "standard",
                            "disable_api_termination": "false",
                            "ebs_block_device.#": "0",
                            "ebs_optimized": "false",
                            "ephemeral_block_device.#": "0",
                            "get_password_data": "false",
                            "iam_instance_profile": "",
                            "id": "i-04ea5bf03a8a79a9a",
                            "instance_state": "running",
                            "instance_type": "t2.micro",
                            "ipv6_addresses.#": "0",
                            "key_name": "MyGuruKP",
                            "monitoring": "false",
                            "network_interface.#": "0",
                            "network_interface_id": "eni-0e36cb99da47f3ffe",
                            "password_data": "",
                            "placement_group": "",
                            "primary_network_interface_id": "eni-0e36cb99da47f3ffe",
                            "private_dns": "ip-10-0-2-227.ec2.internal",
                            "private_ip": "10.0.2.227",
                            "public_dns": "",
                            "public_ip": "",
                            "root_block_device.#": "1",
                            "root_block_device.0.delete_on_termination": "true",
                            "root_block_device.0.iops": "100",
                            "root_block_device.0.volume_id": "vol-068cc088793231ddb",
                            "root_block_device.0.volume_size": "8",
                            "root_block_device.0.volume_type": "gp2",
                            "security_groups.#": "0",
                            "source_dest_check": "true",
                            "subnet_id": "subnet-0f88d6ca2134e57a9",
                            "tags.%": "1",
                            "tags.Name": "Private Instance",
                            "tenancy": "default",
                            "volume_tags.%": "0",
                            "vpc_security_group_ids.#": "1",
                            "vpc_security_group_ids.3605682497": "sg-0c7d480513f510907"
                        },
                        "meta": {
                            "e2bfb730-ecaa-11e6-8f88-34363bc7c4c0": {
                                "create": 600000000000,
                                "delete": 1200000000000,
                                "update": 600000000000
                            },
                            "schema_version": "1"
                        },
                        "tainted": false
                    },
                    "deposed": [],
                    "provider": "provider.aws"
                },
                "aws_instance.public": {
                    "type": "aws_instance",
                    "depends_on": [
                        "aws_security_group.bastion_connexion",
                        "aws_subnet.public",
                        "data.template_file.userdata1"
                    ],
                    "primary": {
                        "id": "i-00511fee665fb92bd",
                        "attributes": {
                            "ami": "ami-04681a1dbd79675a5",
                            "arn": "arn:aws:ec2:us-east-1:778115407096:instance/i-00511fee665fb92bd",
                            "associate_public_ip_address": "true",
                            "availability_zone": "us-east-1b",
                            "cpu_core_count": "1",
                            "cpu_threads_per_core": "1",
                            "credit_specification.#": "1",
                            "credit_specification.0.cpu_credits": "standard",
                            "disable_api_termination": "false",
                            "ebs_block_device.#": "0",
                            "ebs_optimized": "false",
                            "ephemeral_block_device.#": "0",
                            "get_password_data": "false",
                            "iam_instance_profile": "",
                            "id": "i-00511fee665fb92bd",
                            "instance_state": "running",
                            "instance_type": "t2.micro",
                            "ipv6_addresses.#": "0",
                            "key_name": "MyGuruKP",
                            "monitoring": "false",
                            "network_interface.#": "0",
                            "network_interface_id": "eni-0c1a6c22dbe9c4d37",
                            "password_data": "",
                            "placement_group": "",
                            "primary_network_interface_id": "eni-0c1a6c22dbe9c4d37",
                            "private_dns": "ip-10-0-1-134.ec2.internal",
                            "private_ip": "10.0.1.134",
                            "public_dns": "ec2-34-230-29-153.compute-1.amazonaws.com",
                            "public_ip": "34.230.29.153",
                            "root_block_device.#": "1",
                            "root_block_device.0.delete_on_termination": "true",
                            "root_block_device.0.iops": "100",
                            "root_block_device.0.volume_id": "vol-02a8554961e6e9482",
                            "root_block_device.0.volume_size": "8",
                            "root_block_device.0.volume_type": "gp2",
                            "security_groups.#": "0",
                            "source_dest_check": "true",
                            "subnet_id": "subnet-03f2e02dbd0eada42",
                            "tags.%": "1",
                            "tags.Name": "Bastion",
                            "tenancy": "default",
                            "user_data": "f97378052edd3bb531a7407f2ab8e5464c83fbd1",
                            "volume_tags.%": "0",
                            "vpc_security_group_ids.#": "1",
                            "vpc_security_group_ids.4157381718": "sg-03d1911859d1f9852"
                        },
                        "meta": {
                            "e2bfb730-ecaa-11e6-8f88-34363bc7c4c0": {
                                "create": 600000000000,
                                "delete": 1200000000000,
                                "update": 600000000000
                            },
                            "schema_version": "1"
                        },
                        "tainted": false
                    },
                    "deposed": [],
                    "provider": "provider.aws"
                },
                "aws_internet_gateway.gw": {
                    "type": "aws_internet_gateway",
                    "depends_on": [
                        "aws_vpc.main"
                    ],
                    "primary": {
                        "id": "igw-00a85cefd12a53c5f",
                        "attributes": {
                            "id": "igw-00a85cefd12a53c5f",
                            "tags.%": "1",
                            "tags.Name": "aws_internet_gateway",
                            "vpc_id": "vpc-073949c55702b6fd5"
                        },
                        "meta": {},
                        "tainted": false
                    },
                    "deposed": [],
                    "provider": "provider.aws"
                },
                "aws_route_table.r_private": {
                    "type": "aws_route_table",
                    "depends_on": [
                        "aws_vpc.main"
                    ],
                    "primary": {
                        "id": "rtb-07dce0cad21faf58a",
                        "attributes": {
                            "id": "rtb-07dce0cad21faf58a",
                            "propagating_vgws.#": "0",
                            "route.#": "0",
                            "tags.%": "1",
                            "tags.Name": "private_route",
                            "vpc_id": "vpc-073949c55702b6fd5"
                        },
                        "meta": {},
                        "tainted": false
                    },
                    "deposed": [],
                    "provider": "provider.aws"
                },
                "aws_route_table.r_public": {
                    "type": "aws_route_table",
                    "depends_on": [
                        "aws_internet_gateway.gw",
                        "aws_vpc.main"
                    ],
                    "primary": {
                        "id": "rtb-064c5151adf9bc0d5",
                        "attributes": {
                            "id": "rtb-064c5151adf9bc0d5",
                            "propagating_vgws.#": "0",
                            "route.#": "1",
                            "route.662917545.cidr_block": "0.0.0.0/0",
                            "route.662917545.egress_only_gateway_id": "",
                            "route.662917545.gateway_id": "igw-00a85cefd12a53c5f",
                            "route.662917545.instance_id": "",
                            "route.662917545.ipv6_cidr_block": "",
                            "route.662917545.nat_gateway_id": "",
                            "route.662917545.network_interface_id": "",
                            "route.662917545.vpc_peering_connection_id": "",
                            "tags.%": "1",
                            "tags.Name": "public_route",
                            "vpc_id": "vpc-073949c55702b6fd5"
                        },
                        "meta": {},
                        "tainted": false
                    },
                    "deposed": [],
                    "provider": "provider.aws"
                },
                "aws_route_table_association.main-private-1-a": {
                    "type": "aws_route_table_association",
                    "depends_on": [
                        "aws_route_table.r_private",
                        "aws_subnet.private"
                    ],
                    "primary": {
                        "id": "rtbassoc-03ed9f3cab9e4e806",
                        "attributes": {
                            "id": "rtbassoc-03ed9f3cab9e4e806",
                            "route_table_id": "rtb-07dce0cad21faf58a",
                            "subnet_id": "subnet-0f88d6ca2134e57a9"
                        },
                        "meta": {},
                        "tainted": false
                    },
                    "deposed": [],
                    "provider": "provider.aws"
                },
                "aws_route_table_association.main-public-1-a": {
                    "type": "aws_route_table_association",
                    "depends_on": [
                        "aws_route_table.r_public",
                        "aws_subnet.public"
                    ],
                    "primary": {
                        "id": "rtbassoc-026b5a9c6dd15c3d9",
                        "attributes": {
                            "id": "rtbassoc-026b5a9c6dd15c3d9",
                            "route_table_id": "rtb-064c5151adf9bc0d5",
                            "subnet_id": "subnet-03f2e02dbd0eada42"
                        },
                        "meta": {},
                        "tainted": false
                    },
                    "deposed": [],
                    "provider": "provider.aws"
                },
                "aws_security_group.bastion_connexion": {
                    "type": "aws_security_group",
                    "depends_on": [
                        "aws_vpc.main"
                    ],
                    "primary": {
                        "id": "sg-03d1911859d1f9852",
                        "attributes": {
                            "arn": "arn:aws:ec2:us-east-1:778115407096:security-group/sg-03d1911859d1f9852",
                            "description": "bastion_connexion",
                            "egress.#": "1",
                            "egress.1403647648.cidr_blocks.#": "1",
                            "egress.1403647648.cidr_blocks.0": "0.0.0.0/0",
                            "egress.1403647648.description": "",
                            "egress.1403647648.from_port": "0",
                            "egress.1403647648.ipv6_cidr_blocks.#": "0",
                            "egress.1403647648.prefix_list_ids.#": "0",
                            "egress.1403647648.protocol": "tcp",
                            "egress.1403647648.security_groups.#": "0",
                            "egress.1403647648.self": "false",
                            "egress.1403647648.to_port": "65535",
                            "id": "sg-03d1911859d1f9852",
                            "ingress.#": "2",
                            "ingress.2214680975.cidr_blocks.#": "1",
                            "ingress.2214680975.cidr_blocks.0": "0.0.0.0/0",
                            "ingress.2214680975.description": "",
                            "ingress.2214680975.from_port": "80",
                            "ingress.2214680975.ipv6_cidr_blocks.#": "0",
                            "ingress.2214680975.protocol": "tcp",
                            "ingress.2214680975.security_groups.#": "0",
                            "ingress.2214680975.self": "false",
                            "ingress.2214680975.to_port": "80",
                            "ingress.2541437006.cidr_blocks.#": "1",
                            "ingress.2541437006.cidr_blocks.0": "0.0.0.0/0",
                            "ingress.2541437006.description": "",
                            "ingress.2541437006.from_port": "22",
                            "ingress.2541437006.ipv6_cidr_blocks.#": "0",
                            "ingress.2541437006.protocol": "tcp",
                            "ingress.2541437006.security_groups.#": "0",
                            "ingress.2541437006.self": "false",
                            "ingress.2541437006.to_port": "22",
                            "name": "bastion_connexion",
                            "owner_id": "778115407096",
                            "revoke_rules_on_delete": "false",
                            "tags.%": "1",
                            "tags.Name": "bastion_connexion",
                            "vpc_id": "vpc-073949c55702b6fd5"
                        },
                        "meta": {
                            "e2bfb730-ecaa-11e6-8f88-34363bc7c4c0": {
                                "create": 600000000000,
                                "delete": 600000000000
                            },
                            "schema_version": "1"
                        },
                        "tainted": false
                    },
                    "deposed": [],
                    "provider": "provider.aws"
                },
                "aws_security_group.private_connexion": {
                    "type": "aws_security_group",
                    "depends_on": [
                        "aws_security_group.bastion_connexion",
                        "aws_vpc.main"
                    ],
                    "primary": {
                        "id": "sg-0c7d480513f510907",
                        "attributes": {
                            "arn": "arn:aws:ec2:us-east-1:778115407096:security-group/sg-0c7d480513f510907",
                            "description": "private_connexion with bastion only",
                            "egress.#": "1",
                            "egress.1403647648.cidr_blocks.#": "1",
                            "egress.1403647648.cidr_blocks.0": "0.0.0.0/0",
                            "egress.1403647648.description": "",
                            "egress.1403647648.from_port": "0",
                            "egress.1403647648.ipv6_cidr_blocks.#": "0",
                            "egress.1403647648.prefix_list_ids.#": "0",
                            "egress.1403647648.protocol": "tcp",
                            "egress.1403647648.security_groups.#": "0",
                            "egress.1403647648.self": "false",
                            "egress.1403647648.to_port": "65535",
                            "id": "sg-0c7d480513f510907",
                            "ingress.#": "1",
                            "ingress.82615555.cidr_blocks.#": "0",
                            "ingress.82615555.description": "",
                            "ingress.82615555.from_port": "22",
                            "ingress.82615555.ipv6_cidr_blocks.#": "0",
                            "ingress.82615555.protocol": "tcp",
                            "ingress.82615555.security_groups.#": "1",
                            "ingress.82615555.security_groups.4157381718": "sg-03d1911859d1f9852",
                            "ingress.82615555.self": "false",
                            "ingress.82615555.to_port": "22",
                            "name": "private_connexion",
                            "owner_id": "778115407096",
                            "revoke_rules_on_delete": "false",
                            "tags.%": "1",
                            "tags.Name": "private_connexion",
                            "vpc_id": "vpc-073949c55702b6fd5"
                        },
                        "meta": {
                            "e2bfb730-ecaa-11e6-8f88-34363bc7c4c0": {
                                "create": 600000000000,
                                "delete": 600000000000
                            },
                            "schema_version": "1"
                        },
                        "tainted": false
                    },
                    "deposed": [],
                    "provider": "provider.aws"
                },
                "aws_subnet.private": {
                    "type": "aws_subnet",
                    "depends_on": [
                        "aws_vpc.main"
                    ],
                    "primary": {
                        "id": "subnet-0f88d6ca2134e57a9",
                        "attributes": {
                            "assign_ipv6_address_on_creation": "false",
                            "availability_zone": "us-east-1a",
                            "cidr_block": "10.0.2.0/24",
                            "id": "subnet-0f88d6ca2134e57a9",
                            "map_public_ip_on_launch": "false",
                            "tags.%": "1",
                            "tags.Name": "private_subnet",
                            "vpc_id": "vpc-073949c55702b6fd5"
                        },
                        "meta": {
                            "schema_version": "1"
                        },
                        "tainted": false
                    },
                    "deposed": [],
                    "provider": "provider.aws"
                },
                "aws_subnet.public": {
                    "type": "aws_subnet",
                    "depends_on": [
                        "aws_vpc.main"
                    ],
                    "primary": {
                        "id": "subnet-03f2e02dbd0eada42",
                        "attributes": {
                            "assign_ipv6_address_on_creation": "false",
                            "availability_zone": "us-east-1b",
                            "cidr_block": "10.0.1.0/24",
                            "id": "subnet-03f2e02dbd0eada42",
                            "map_public_ip_on_launch": "false",
                            "tags.%": "1",
                            "tags.Name": "public_subnet",
                            "vpc_id": "vpc-073949c55702b6fd5"
                        },
                        "meta": {
                            "schema_version": "1"
                        },
                        "tainted": false
                    },
                    "deposed": [],
                    "provider": "provider.aws"
                },
                "aws_vpc.main": {
                    "type": "aws_vpc",
                    "depends_on": [],
                    "primary": {
                        "id": "vpc-073949c55702b6fd5",
                        "attributes": {
                            "arn": "arn:aws:ec2:us-east-1:778115407096:vpc/vpc-073949c55702b6fd5",
                            "assign_generated_ipv6_cidr_block": "false",
                            "cidr_block": "10.0.0.0/16",
                            "default_network_acl_id": "acl-0b6298e104971d9a6",
                            "default_route_table_id": "rtb-0f01aa4b63eb07c2d",
                            "default_security_group_id": "sg-0b9a4a30117858ef7",
                            "dhcp_options_id": "dopt-4c037637",
                            "enable_classiclink": "false",
                            "enable_classiclink_dns_support": "false",
                            "enable_dns_hostnames": "true",
                            "enable_dns_support": "true",
                            "id": "vpc-073949c55702b6fd5",
                            "instance_tenancy": "default",
                            "main_route_table_id": "rtb-0f01aa4b63eb07c2d",
                            "tags.%": "1",
                            "tags.Name": "main"
                        },
                        "meta": {
                            "schema_version": "1"
                        },
                        "tainted": false
                    },
                    "deposed": [],
                    "provider": "provider.aws"
                },
                "data.template_file.userdata1": {
                    "type": "template_file",
                    "depends_on": [],
                    "primary": {
                        "id": "02f228c07f56039c1f95fb686600403895caeb21ae8e5831a8fe971e7c032744",
                        "attributes": {
                            "id": "02f228c07f56039c1f95fb686600403895caeb21ae8e5831a8fe971e7c032744",
                            "rendered": "#!/bin/bash\n\nyum update -y\nyum install httpd -y\ncd /var/www/html\necho \"\u003chtml\u003e\u003ch1\u003eHello les minions  \u003c/h1\u003e\u003c/html\u003e\" \u003e\u003e index.html\nservice httpd start\n",
                            "template": "#!/bin/bash\n\nyum update -y\nyum install httpd -y\ncd /var/www/html\necho \"\u003chtml\u003e\u003ch1\u003eHello les minions  \u003c/h1\u003e\u003c/html\u003e\" \u003e\u003e index.html\nservice httpd start\n"
                        },
                        "meta": {},
                        "tainted": false
                    },
                    "deposed": [],
                    "provider": "provider.template"
                }
            },
            "depends_on": []
        }
    ]
}
